
Microsoft Visual Studio Solution File, Format Version 12.00
# Visual Studio 15
Project("{FAE04EC0-301F-11D3-BF4B-00C04F79EFBC}") = "SupportSlideViewXF", "SupportSlideViewXF\SupportSlideViewXF.csproj", "{43B973F5-56F9-47F3-A9C8-76B721756E2B}"
EndProject
Project("{FAE04EC0-301F-11D3-BF4B-00C04F79EFBC}") = "SupportSlideViewXF.iOS", "SupportSlideViewXF.iOS\SupportSlideViewXF.iOS.csproj", "{753D7CCE-3FF1-424B-8AA3-5C37A0301968}"
EndProject
Project("{5DD5E4FA-CB73-4610-85AB-557B54E96AA9}") = "SupportSlideViewXF.Nuget", "SupportSlideViewXF.Nuget\SupportSlideViewXF.Nuget.nuproj", "{E10B2952-B421-4F55-9170-69186CBE4605}"
EndProject
Global
	GlobalSection(SolutionConfigurationPlatforms) = preSolution
		Debug|Any CPU = Debug|Any CPU
		Release|Any CPU = Release|Any CPU
	EndGlobalSection
	GlobalSection(ProjectConfigurationPlatforms) = postSolution
		{43B973F5-56F9-47F3-A9C8-76B721756E2B}.Debug|Any CPU.ActiveCfg = Debug|Any CPU
		{43B973F5-56F9-47F3-A9C8-76B721756E2B}.Debug|Any CPU.Build.0 = Debug|Any CPU
		{43B973F5-56F9-47F3-A9C8-76B721756E2B}.Release|Any CPU.ActiveCfg = Release|Any CPU
		{43B973F5-56F9-47F3-A9C8-76B721756E2B}.Release|Any CPU.Build.0 = Release|Any CPU
		{753D7CCE-3FF1-424B-8AA3-5C37A0301968}.Debug|Any CPU.ActiveCfg = Debug|Any CPU
		{753D7CCE-3FF1-424B-8AA3-5C37A0301968}.Debug|Any CPU.Build.0 = Debug|Any CPU
		{753D7CCE-3FF1-424B-8AA3-5C37A0301968}.Release|Any CPU.ActiveCfg = Release|Any CPU
		{753D7CCE-3FF1-424B-8AA3-5C37A0301968}.Release|Any CPU.Build.0 = Release|Any CPU
		{E10B2952-B421-4F55-9170-69186CBE4605}.Debug|Any CPU.ActiveCfg = Debug|Any CPU
		{E10B2952-B421-4F55-9170-69186CBE4605}.Debug|Any CPU.Build.0 = Debug|Any CPU
		{E10B2952-B421-4F55-9170-69186CBE4605}.Release|Any CPU.ActiveCfg = Release|Any CPU
		{E10B2952-B421-4F55-9170-69186CBE4605}.Release|Any CPU.Build.0 = Release|Any CPU
	EndGlobalSection
EndGlobal
