
Microsoft Visual Studio Solution File, Format Version 12.00
# Visual Studio 15
Project("{FAE04EC0-301F-11D3-BF4B-00C04F79EFBC}") = "SupportSlideViewXF", "SupportSlideViewXF\SupportSlideViewXF.csproj", "{43B973F5-56F9-47F3-A9C8-76B721756E2B}"
EndProject
Project("{FAE04EC0-301F-11D3-BF4B-00C04F79EFBC}") = "SupportSlideViewXF.iOS", "SupportSlideViewXF.iOS\SupportSlideViewXF.iOS.csproj", "{753D7CCE-3FF1-424B-8AA3-5C37A0301968}"
EndProject
Project("{5DD5E4FA-CB73-4610-85AB-557B54E96AA9}") = "SupportSlideViewXF.Nuget", "SupportSlideViewXF.Nuget\SupportSlideViewXF.Nuget.nuproj", "{E10B2952-B421-4F55-9170-69186CBE4605}"
EndProject
Project("{2150E333-8FDC-42A3-9474-1A3956D46DE8}") = "DemoAPP", "DemoAPP", "{1E35A26B-E373-4720-B2B1-DD3BB82076AF}"
EndProject
Project("{FAE04EC0-301F-11D3-BF4B-00C04F79EFBC}") = "DemoSliders.Android", "DemoSliders.Android\DemoSliders.Android.csproj", "{D2205A29-BA9F-485F-B2E4-6B97467EC667}"
EndProject
Project("{FAE04EC0-301F-11D3-BF4B-00C04F79EFBC}") = "DemoSliders.iOS", "DemoSliders.iOS\DemoSliders.iOS.csproj", "{CC5CCFCD-90BA-4C92-9E87-27FA75F02555}"
EndProject
Project("{FAE04EC0-301F-11D3-BF4B-00C04F79EFBC}") = "DemoSliders", "DemoSliders\DemoSliders.csproj", "{ED38698F-07E5-4C5A-821C-9528A856734F}"
EndProject
Project("{FAE04EC0-301F-11D3-BF4B-00C04F79EFBC}") = "SupportSlideViewXF.Droid", "SupportSlideViewXF.Droid\SupportSlideViewXF.Droid.csproj", "{6381AD9A-B30A-4A86-B585-24DB03A78DFC}"
EndProject
Global
	GlobalSection(SolutionConfigurationPlatforms) = preSolution
		Debug|Any CPU = Debug|Any CPU
		Release|Any CPU = Release|Any CPU
		Debug|iPhoneSimulator = Debug|iPhoneSimulator
		Release|iPhone = Release|iPhone
		Release|iPhoneSimulator = Release|iPhoneSimulator
		Debug|iPhone = Debug|iPhone
		Ad-Hoc|iPhone = Ad-Hoc|iPhone
		AppStore|iPhone = AppStore|iPhone
	EndGlobalSection
	GlobalSection(ProjectConfigurationPlatforms) = postSolution
		{43B973F5-56F9-47F3-A9C8-76B721756E2B}.Debug|Any CPU.ActiveCfg = Debug|Any CPU
		{43B973F5-56F9-47F3-A9C8-76B721756E2B}.Debug|Any CPU.Build.0 = Debug|Any CPU
		{43B973F5-56F9-47F3-A9C8-76B721756E2B}.Release|Any CPU.ActiveCfg = Release|Any CPU
		{43B973F5-56F9-47F3-A9C8-76B721756E2B}.Release|Any CPU.Build.0 = Release|Any CPU
		{43B973F5-56F9-47F3-A9C8-76B721756E2B}.Debug|iPhoneSimulator.ActiveCfg = Debug|Any CPU
		{43B973F5-56F9-47F3-A9C8-76B721756E2B}.Debug|iPhoneSimulator.Build.0 = Debug|Any CPU
		{43B973F5-56F9-47F3-A9C8-76B721756E2B}.Release|iPhone.ActiveCfg = Release|Any CPU
		{43B973F5-56F9-47F3-A9C8-76B721756E2B}.Release|iPhone.Build.0 = Release|Any CPU
		{43B973F5-56F9-47F3-A9C8-76B721756E2B}.Release|iPhoneSimulator.ActiveCfg = Release|Any CPU
		{43B973F5-56F9-47F3-A9C8-76B721756E2B}.Release|iPhoneSimulator.Build.0 = Release|Any CPU
		{43B973F5-56F9-47F3-A9C8-76B721756E2B}.Debug|iPhone.ActiveCfg = Debug|Any CPU
		{43B973F5-56F9-47F3-A9C8-76B721756E2B}.Debug|iPhone.Build.0 = Debug|Any CPU
		{43B973F5-56F9-47F3-A9C8-76B721756E2B}.Ad-Hoc|iPhone.ActiveCfg = Debug|Any CPU
		{43B973F5-56F9-47F3-A9C8-76B721756E2B}.Ad-Hoc|iPhone.Build.0 = Debug|Any CPU
		{43B973F5-56F9-47F3-A9C8-76B721756E2B}.AppStore|iPhone.ActiveCfg = Debug|Any CPU
		{43B973F5-56F9-47F3-A9C8-76B721756E2B}.AppStore|iPhone.Build.0 = Debug|Any CPU
		{753D7CCE-3FF1-424B-8AA3-5C37A0301968}.Debug|Any CPU.ActiveCfg = Debug|Any CPU
		{753D7CCE-3FF1-424B-8AA3-5C37A0301968}.Debug|Any CPU.Build.0 = Debug|Any CPU
		{753D7CCE-3FF1-424B-8AA3-5C37A0301968}.Release|Any CPU.ActiveCfg = Release|Any CPU
		{753D7CCE-3FF1-424B-8AA3-5C37A0301968}.Release|Any CPU.Build.0 = Release|Any CPU
		{753D7CCE-3FF1-424B-8AA3-5C37A0301968}.Debug|iPhoneSimulator.ActiveCfg = Debug|Any CPU
		{753D7CCE-3FF1-424B-8AA3-5C37A0301968}.Debug|iPhoneSimulator.Build.0 = Debug|Any CPU
		{753D7CCE-3FF1-424B-8AA3-5C37A0301968}.Release|iPhone.ActiveCfg = Release|Any CPU
		{753D7CCE-3FF1-424B-8AA3-5C37A0301968}.Release|iPhone.Build.0 = Release|Any CPU
		{753D7CCE-3FF1-424B-8AA3-5C37A0301968}.Release|iPhoneSimulator.ActiveCfg = Release|Any CPU
		{753D7CCE-3FF1-424B-8AA3-5C37A0301968}.Release|iPhoneSimulator.Build.0 = Release|Any CPU
		{753D7CCE-3FF1-424B-8AA3-5C37A0301968}.Debug|iPhone.ActiveCfg = Debug|Any CPU
		{753D7CCE-3FF1-424B-8AA3-5C37A0301968}.Debug|iPhone.Build.0 = Debug|Any CPU
		{753D7CCE-3FF1-424B-8AA3-5C37A0301968}.Ad-Hoc|iPhone.ActiveCfg = Debug|Any CPU
		{753D7CCE-3FF1-424B-8AA3-5C37A0301968}.Ad-Hoc|iPhone.Build.0 = Debug|Any CPU
		{753D7CCE-3FF1-424B-8AA3-5C37A0301968}.AppStore|iPhone.ActiveCfg = Debug|Any CPU
		{753D7CCE-3FF1-424B-8AA3-5C37A0301968}.AppStore|iPhone.Build.0 = Debug|Any CPU
		{E10B2952-B421-4F55-9170-69186CBE4605}.Debug|Any CPU.ActiveCfg = Debug|Any CPU
		{E10B2952-B421-4F55-9170-69186CBE4605}.Debug|Any CPU.Build.0 = Debug|Any CPU
		{E10B2952-B421-4F55-9170-69186CBE4605}.Release|Any CPU.ActiveCfg = Release|Any CPU
		{E10B2952-B421-4F55-9170-69186CBE4605}.Release|Any CPU.Build.0 = Release|Any CPU
		{E10B2952-B421-4F55-9170-69186CBE4605}.Debug|iPhoneSimulator.ActiveCfg = Debug|Any CPU
		{E10B2952-B421-4F55-9170-69186CBE4605}.Debug|iPhoneSimulator.Build.0 = Debug|Any CPU
		{E10B2952-B421-4F55-9170-69186CBE4605}.Release|iPhone.ActiveCfg = Release|Any CPU
		{E10B2952-B421-4F55-9170-69186CBE4605}.Release|iPhone.Build.0 = Release|Any CPU
		{E10B2952-B421-4F55-9170-69186CBE4605}.Release|iPhoneSimulator.ActiveCfg = Release|Any CPU
		{E10B2952-B421-4F55-9170-69186CBE4605}.Release|iPhoneSimulator.Build.0 = Release|Any CPU
		{E10B2952-B421-4F55-9170-69186CBE4605}.Debug|iPhone.ActiveCfg = Debug|Any CPU
		{E10B2952-B421-4F55-9170-69186CBE4605}.Debug|iPhone.Build.0 = Debug|Any CPU
		{E10B2952-B421-4F55-9170-69186CBE4605}.Ad-Hoc|iPhone.ActiveCfg = Debug|Any CPU
		{E10B2952-B421-4F55-9170-69186CBE4605}.Ad-Hoc|iPhone.Build.0 = Debug|Any CPU
		{E10B2952-B421-4F55-9170-69186CBE4605}.AppStore|iPhone.ActiveCfg = Debug|Any CPU
		{E10B2952-B421-4F55-9170-69186CBE4605}.AppStore|iPhone.Build.0 = Debug|Any CPU
		{D2205A29-BA9F-485F-B2E4-6B97467EC667}.Debug|Any CPU.ActiveCfg = Debug|Any CPU
		{D2205A29-BA9F-485F-B2E4-6B97467EC667}.Debug|Any CPU.Build.0 = Debug|Any CPU
		{D2205A29-BA9F-485F-B2E4-6B97467EC667}.Release|Any CPU.ActiveCfg = Release|Any CPU
		{D2205A29-BA9F-485F-B2E4-6B97467EC667}.Release|Any CPU.Build.0 = Release|Any CPU
		{D2205A29-BA9F-485F-B2E4-6B97467EC667}.Debug|iPhoneSimulator.ActiveCfg = Debug|Any CPU
		{D2205A29-BA9F-485F-B2E4-6B97467EC667}.Debug|iPhoneSimulator.Build.0 = Debug|Any CPU
		{D2205A29-BA9F-485F-B2E4-6B97467EC667}.Release|iPhone.ActiveCfg = Release|Any CPU
		{D2205A29-BA9F-485F-B2E4-6B97467EC667}.Release|iPhone.Build.0 = Release|Any CPU
		{D2205A29-BA9F-485F-B2E4-6B97467EC667}.Release|iPhoneSimulator.ActiveCfg = Release|Any CPU
		{D2205A29-BA9F-485F-B2E4-6B97467EC667}.Release|iPhoneSimulator.Build.0 = Release|Any CPU
		{D2205A29-BA9F-485F-B2E4-6B97467EC667}.Debug|iPhone.ActiveCfg = Debug|Any CPU
		{D2205A29-BA9F-485F-B2E4-6B97467EC667}.Debug|iPhone.Build.0 = Debug|Any CPU
		{D2205A29-BA9F-485F-B2E4-6B97467EC667}.Ad-Hoc|iPhone.ActiveCfg = Debug|Any CPU
		{D2205A29-BA9F-485F-B2E4-6B97467EC667}.Ad-Hoc|iPhone.Build.0 = Debug|Any CPU
		{D2205A29-BA9F-485F-B2E4-6B97467EC667}.AppStore|iPhone.ActiveCfg = Debug|Any CPU
		{D2205A29-BA9F-485F-B2E4-6B97467EC667}.AppStore|iPhone.Build.0 = Debug|Any CPU
		{CC5CCFCD-90BA-4C92-9E87-27FA75F02555}.Debug|Any CPU.ActiveCfg = Debug|iPhoneSimulator
		{CC5CCFCD-90BA-4C92-9E87-27FA75F02555}.Debug|Any CPU.Build.0 = Debug|iPhoneSimulator
		{CC5CCFCD-90BA-4C92-9E87-27FA75F02555}.Release|Any CPU.ActiveCfg = Release|iPhoneSimulator
		{CC5CCFCD-90BA-4C92-9E87-27FA75F02555}.Release|Any CPU.Build.0 = Release|iPhoneSimulator
		{CC5CCFCD-90BA-4C92-9E87-27FA75F02555}.Debug|iPhoneSimulator.ActiveCfg = Debug|iPhoneSimulator
		{CC5CCFCD-90BA-4C92-9E87-27FA75F02555}.Debug|iPhoneSimulator.Build.0 = Debug|iPhoneSimulator
		{CC5CCFCD-90BA-4C92-9E87-27FA75F02555}.Release|iPhone.ActiveCfg = Release|iPhone
		{CC5CCFCD-90BA-4C92-9E87-27FA75F02555}.Release|iPhone.Build.0 = Release|iPhone
		{CC5CCFCD-90BA-4C92-9E87-27FA75F02555}.Release|iPhoneSimulator.ActiveCfg = Release|iPhoneSimulator
		{CC5CCFCD-90BA-4C92-9E87-27FA75F02555}.Release|iPhoneSimulator.Build.0 = Release|iPhoneSimulator
		{CC5CCFCD-90BA-4C92-9E87-27FA75F02555}.Debug|iPhone.ActiveCfg = Debug|iPhone
		{CC5CCFCD-90BA-4C92-9E87-27FA75F02555}.Debug|iPhone.Build.0 = Debug|iPhone
		{CC5CCFCD-90BA-4C92-9E87-27FA75F02555}.Ad-Hoc|iPhone.ActiveCfg = Ad-Hoc|iPhone
		{CC5CCFCD-90BA-4C92-9E87-27FA75F02555}.Ad-Hoc|iPhone.Build.0 = Ad-Hoc|iPhone
		{CC5CCFCD-90BA-4C92-9E87-27FA75F02555}.AppStore|iPhone.ActiveCfg = AppStore|iPhone
		{CC5CCFCD-90BA-4C92-9E87-27FA75F02555}.AppStore|iPhone.Build.0 = AppStore|iPhone
		{ED38698F-07E5-4C5A-821C-9528A856734F}.Debug|Any CPU.ActiveCfg = Debug|Any CPU
		{ED38698F-07E5-4C5A-821C-9528A856734F}.Debug|Any CPU.Build.0 = Debug|Any CPU
		{ED38698F-07E5-4C5A-821C-9528A856734F}.Release|Any CPU.ActiveCfg = Release|Any CPU
		{ED38698F-07E5-4C5A-821C-9528A856734F}.Release|Any CPU.Build.0 = Release|Any CPU
		{ED38698F-07E5-4C5A-821C-9528A856734F}.Debug|iPhoneSimulator.ActiveCfg = Debug|Any CPU
		{ED38698F-07E5-4C5A-821C-9528A856734F}.Debug|iPhoneSimulator.Build.0 = Debug|Any CPU
		{ED38698F-07E5-4C5A-821C-9528A856734F}.Release|iPhone.ActiveCfg = Release|Any CPU
		{ED38698F-07E5-4C5A-821C-9528A856734F}.Release|iPhone.Build.0 = Release|Any CPU
		{ED38698F-07E5-4C5A-821C-9528A856734F}.Release|iPhoneSimulator.ActiveCfg = Release|Any CPU
		{ED38698F-07E5-4C5A-821C-9528A856734F}.Release|iPhoneSimulator.Build.0 = Release|Any CPU
		{ED38698F-07E5-4C5A-821C-9528A856734F}.Debug|iPhone.ActiveCfg = Debug|Any CPU
		{ED38698F-07E5-4C5A-821C-9528A856734F}.Debug|iPhone.Build.0 = Debug|Any CPU
		{ED38698F-07E5-4C5A-821C-9528A856734F}.Ad-Hoc|iPhone.ActiveCfg = Debug|Any CPU
		{ED38698F-07E5-4C5A-821C-9528A856734F}.Ad-Hoc|iPhone.Build.0 = Debug|Any CPU
		{ED38698F-07E5-4C5A-821C-9528A856734F}.AppStore|iPhone.ActiveCfg = Debug|Any CPU
		{ED38698F-07E5-4C5A-821C-9528A856734F}.AppStore|iPhone.Build.0 = Debug|Any CPU
		{6381AD9A-B30A-4A86-B585-24DB03A78DFC}.Debug|Any CPU.ActiveCfg = Debug|Any CPU
		{6381AD9A-B30A-4A86-B585-24DB03A78DFC}.Debug|Any CPU.Build.0 = Debug|Any CPU
		{6381AD9A-B30A-4A86-B585-24DB03A78DFC}.Release|Any CPU.ActiveCfg = Release|Any CPU
		{6381AD9A-B30A-4A86-B585-24DB03A78DFC}.Release|Any CPU.Build.0 = Release|Any CPU
		{6381AD9A-B30A-4A86-B585-24DB03A78DFC}.Debug|iPhoneSimulator.ActiveCfg = Debug|Any CPU
		{6381AD9A-B30A-4A86-B585-24DB03A78DFC}.Debug|iPhoneSimulator.Build.0 = Debug|Any CPU
		{6381AD9A-B30A-4A86-B585-24DB03A78DFC}.Release|iPhone.ActiveCfg = Release|Any CPU
		{6381AD9A-B30A-4A86-B585-24DB03A78DFC}.Release|iPhone.Build.0 = Release|Any CPU
		{6381AD9A-B30A-4A86-B585-24DB03A78DFC}.Release|iPhoneSimulator.ActiveCfg = Release|Any CPU
		{6381AD9A-B30A-4A86-B585-24DB03A78DFC}.Release|iPhoneSimulator.Build.0 = Release|Any CPU
		{6381AD9A-B30A-4A86-B585-24DB03A78DFC}.Debug|iPhone.ActiveCfg = Debug|Any CPU
		{6381AD9A-B30A-4A86-B585-24DB03A78DFC}.Debug|iPhone.Build.0 = Debug|Any CPU
		{6381AD9A-B30A-4A86-B585-24DB03A78DFC}.Ad-Hoc|iPhone.ActiveCfg = Release|Any CPU
		{6381AD9A-B30A-4A86-B585-24DB03A78DFC}.Ad-Hoc|iPhone.Build.0 = Release|Any CPU
		{6381AD9A-B30A-4A86-B585-24DB03A78DFC}.AppStore|iPhone.ActiveCfg = Release|Any CPU
		{6381AD9A-B30A-4A86-B585-24DB03A78DFC}.AppStore|iPhone.Build.0 = Release|Any CPU
	EndGlobalSection
	GlobalSection(NestedProjects) = preSolution
		{D2205A29-BA9F-485F-B2E4-6B97467EC667} = {1E35A26B-E373-4720-B2B1-DD3BB82076AF}
		{CC5CCFCD-90BA-4C92-9E87-27FA75F02555} = {1E35A26B-E373-4720-B2B1-DD3BB82076AF}
		{ED38698F-07E5-4C5A-821C-9528A856734F} = {1E35A26B-E373-4720-B2B1-DD3BB82076AF}
	EndGlobalSection
EndGlobal
